{
    "_meta": {
        "hash": {
            "sha256": "ed0d3d401886553ea737601baa33fbda971210998fa2fa066303011947c0db53"
        },
        "pipfile-spec": 6,
        "requires": {
            "python_version": "3.6"
        },
        "sources": [
            {
                "name": "pypi",
                "url": "https://pypi.python.org/simple",
                "verify_ssl": true
            }
        ]
    },
    "default": {
        "certifi": {
            "hashes": [
                "sha256:2bbf76fd432960138b3ef6dda3dde0544f27cbf8546c458e60baf371917ba9ee",
                "sha256:50b1e4f8446b06f41be7dd6338db18e0990601dce795c2b1686458aa7e8fa7d8"
            ],
            "version": "==2021.5.30"
        },
        "charset-normalizer": {
            "hashes": [
                "sha256:0c8911edd15d19223366a194a513099a302055a962bca2cec0f54b8b63175d8b",
                "sha256:f23667ebe1084be45f6ae0538e4a5a865206544097e4e8bbcacf42cd02a348f3"
            ],
            "markers": "python_version >= '3'",
            "version": "==2.0.4"
        },
        "click": {
            "hashes": [
                "sha256:8c04c11192119b1ef78ea049e0a6f0463e4c48ef00a30160c704337586f3ad7a",
                "sha256:fba402a4a47334742d782209a7c79bc448911afe1149d07bdabdf480b3e2f4b6"
            ],
            "markers": "python_version >= '3.6'",
            "version": "==8.0.1"
        },
        "clstm": {
            "hashes": [
                "sha256:003168f8cf7880b9aefc65186f39dcfc4f3f942f52a5d0f12622bc22cc39436b",
                "sha256:139141afc1dce377360e7d1cbbb1bdf24a2d70610fa45dd74a18ba7ba2a8a50c",
                "sha256:27bee48f480785b3894658dae0eed07769ee52b92c8ec87e78adb90587eea963",
                "sha256:31890bb7809a5677ddcee3ff034c527255cd258c5e309dd85284f4ecb5441283",
                "sha256:47859e879715127826fe73eb75ddf0c5ea621d44d60f9bdb140422d9f28dc561",
                "sha256:5a0c487a874f6e924b5b1f53d82a621b17924cf15471258f823ad0ea9b5cf1d5",
                "sha256:5dd7b0b20d0d3e9c601fb53d5d978b9e97fb3c1b68ebbc81374a47e97c4fcb45",
                "sha256:8499b0bd4bcbc7207fef5700580cf66d2c8e760f71bf6d91d7586b90b6d847e2",
                "sha256:849a0e4e42fb66574cbeda9c2ba8df9ea8ab9cb338c3d533078e871b90644898",
                "sha256:888bc34efcc95fdd53b20fbc56fb27e654c96112dfec8d836939e40861c3c8ba",
                "sha256:abc0347aa216c205ead82cf78671d57e8cf9c7c5fcf597a95d2e87c393e62ae9",
                "sha256:c61b33e5788db019a0e9c8e73d8b42b17d13ea370e083e83ce07074e2e6aabd8",
                "sha256:cb56d03fbbf582b5abc58f5625ae2bda41000c3da9f19d48f8a62cd1ae7569be",
                "sha256:d2d1c6fc6d1c528ac097ef6cd9acd8151d60a2837bec5320a2152bea71d42c34",
                "sha256:fbdae938cc8b263fdbafc5107f1f1d3b80a4695e798bdaa19de2432aaf5bc8e8"
            ],
            "version": "==0.0.5"
        },
        "future": {
            "hashes": [
                "sha256:b1bead90b70cf6ec3f0710ae53a525360fa360d306a86583adc6bf83a4db537d"
            ],
            "markers": "python_version >= '2.6' and python_version not in '3.0, 3.1, 3.2, 3.3'",
            "version": "==0.18.2"
        },
        "grpcio": {
            "hashes": [
                "sha256:022dc2a6d1537a5a16af4ccc3355ad7b512f9c627a1d5d579cd7c18830378bb3",
                "sha256:025a591606b0aca13bec3e019d6acec01a39421f01b915b98a3a93ea0a53b412",
                "sha256:03265472d39bf26f124c3ef68446f7873c8260893e6ae65b323a5b51ed52e580",
                "sha256:10efe2e016c3ca7a370771ffcf1de9baa3456d4bccefde0f4ce3be091d871c8f",
                "sha256:14bca481188c3f19135012aaff9abefa4e15529c7e1aca3084183d78094d06bd",
                "sha256:17240d672b5c1c9ff22e52236c1870413b7fb5af762b97ce5a747a55e0a57e98",
                "sha256:1bc36e512741f82c1d73f42df536aa2ab75d840f0d35c149b5d0bee1aed16862",
                "sha256:224c513fbe0c3ca546870e5c21b08a8a56cd25795b76b3192ee9702a3344764b",
                "sha256:2894466c499d9752e0d49ee8adc5ee12c676d86211fc1b292bf713cc7cfe9853",
                "sha256:435b3bab2e34814666854eec203c77b169df1cd56cf22fe449cf5510af416e7d",
                "sha256:4765600467d7cdb8f62a591d4427ddbeefcf4dbbe46e2f1b10af555e815ecbcb",
                "sha256:4fa658a7e1ba5727ca066b1c8bb64c6befb98f2b8007f04a16c7c84555bf11b9",
                "sha256:87e52924a99ac5935a468b3fe49c4b0090bd9b05470b55ed1192308791e6d332",
                "sha256:88afda198adb0a9da52a66152062027a57877b46f59ffcf55acc3cbfaff77160",
                "sha256:982439a872d41f969724efc139e0416ba45e0d7446e9a41fd2ebe19351adff9a",
                "sha256:a1bc37c9910d0fbf4d9e80d5822f92c6e01e28dd1eb01323636ed19666b537cb",
                "sha256:aa473b8276de39eeccc4ad6cbb7fd7feab0868180d72c0c93226033c79fa69b7",
                "sha256:ae82bf2f7ceac6ba956e816120b4f66bda035571350e46b61bbdde1808aed1dd",
                "sha256:b56e4f355c2499bb0bf8f8f4d0362b618b06afdfd2c10722710596dc7e295c6c",
                "sha256:d2accc8e354f0ed5b337865260a78b3c6851d2fe3c0e1b025d437122cc15dd31",
                "sha256:d410835e7554d064c2d99cfa0dd393ffbb0ccf52145ab51c725a8472ed254a3c",
                "sha256:d9e3105f6de6cb759b028702bdd21cb36d27e010227669e43c675b9957a3c180",
                "sha256:da306c80d69801a3e4115c448ed4ad481957d723ec1e00b99497c6661573c3e5",
                "sha256:e579e4124d2a0931ce39639c60e0711918d6659b933eb97e67f60f84666ea488",
                "sha256:e86639989c03831912fd9924beda26f6e9ffcc267656cea035bde9d88cf793b2",
                "sha256:ea9564f58144e2f07995d57fb8e636be5efb084cd59c8651391ada2bb75dc0ff",
                "sha256:f4a38071dd27f140cfe774f56aecdf0e33de926c21289cc9c7521ce8dd91fc1c"
            ],
            "index": "pypi",
            "version": "==1.10.0"
        },
        "idna": {
            "hashes": [
                "sha256:14475042e284991034cb48e06f6851428fb14c4dc953acd9be9a5e95c7b6dd7a",
                "sha256:467fbad99067910785144ce333826c71fb0e63a425657295239737f7ecd125f3"
            ],
            "markers": "python_version >= '3'",
            "version": "==3.2"
        },
        "importlib-metadata": {
            "hashes": [
                "sha256:b618b6d2d5ffa2f16add5697cf57a46c76a56229b0ed1c438322e4e95645bd15",
                "sha256:f284b3e11256ad1e5d03ab86bb2ccd6f5339688ff17a4d797a0fe7df326f23b1"
            ],
            "markers": "python_version < '3.8'",
            "version": "==4.8.1"
        },
        "jinja2": {
            "hashes": [
                "sha256:1f06f2da51e7b56b8f238affdd6b4e2c61e39598a378cc49345bc1bd42a978a4",
                "sha256:703f484b47a6af502e743c9122595cc812b0271f661722403114f71a79d0f5a4"
            ],
            "markers": "python_version >= '3.6'",
            "version": "==3.0.1"
        },
        "kraken": {
            "hashes": [
                "sha256:430db320a45b47a83cc8eb140ed01f277dae8e5beafe8d572541d3244d8019d1",
                "sha256:c6c6697d7138ae119b1c48ae4f01f1baaf4e7e0691ed64d3e9090e9d3ece3bb2"
            ],
            "index": "pypi",
            "version": "==0.9.10"
        },
        "lxml": {
            "hashes": [
                "sha256:079f3ae844f38982d156efce585bc540c16a926d4436712cf4baee0cce487a3d",
                "sha256:0fbcf5565ac01dff87cbfc0ff323515c823081c5777a9fc7703ff58388c258c3",
                "sha256:122fba10466c7bd4178b07dba427aa516286b846b2cbd6f6169141917283aae2",
                "sha256:1b38116b6e628118dea5b2186ee6820ab138dbb1e24a13e478490c7db2f326ae",
                "sha256:1b7584d421d254ab86d4f0b13ec662a9014397678a7c4265a02a6d7c2b18a75f",
                "sha256:26e761ab5b07adf5f555ee82fb4bfc35bf93750499c6c7614bd64d12aaa67927",
                "sha256:289e9ca1a9287f08daaf796d96e06cb2bc2958891d7911ac7cae1c5f9e1e0ee3",
                "sha256:2a9d50e69aac3ebee695424f7dbd7b8c6d6eb7de2a2eb6b0f6c7db6aa41e02b7",
                "sha256:3082c518be8e97324390614dacd041bb1358c882d77108ca1957ba47738d9d59",
                "sha256:33bb934a044cf32157c12bfcfbb6649807da20aa92c062ef51903415c704704f",
                "sha256:3439c71103ef0e904ea0a1901611863e51f50b5cd5e8654a151740fde5e1cade",
                "sha256:36108c73739985979bf302006527cf8a20515ce444ba916281d1c43938b8bb96",
                "sha256:39b78571b3b30645ac77b95f7c69d1bffc4cf8c3b157c435a34da72e78c82468",
                "sha256:4289728b5e2000a4ad4ab8da6e1db2e093c63c08bdc0414799ee776a3f78da4b",
                "sha256:4bff24dfeea62f2e56f5bab929b4428ae6caba2d1eea0c2d6eb618e30a71e6d4",
                "sha256:4c61b3a0db43a1607d6264166b230438f85bfed02e8cff20c22e564d0faff354",
                "sha256:542d454665a3e277f76954418124d67516c5f88e51a900365ed54a9806122b83",
                "sha256:5a0a14e264069c03e46f926be0d8919f4105c1623d620e7ec0e612a2e9bf1c04",
                "sha256:5c8c163396cc0df3fd151b927e74f6e4acd67160d6c33304e805b84293351d16",
                "sha256:64812391546a18896adaa86c77c59a4998f33c24788cadc35789e55b727a37f4",
                "sha256:66e575c62792c3f9ca47cb8b6fab9e35bab91360c783d1606f758761810c9791",
                "sha256:6f12e1427285008fd32a6025e38e977d44d6382cf28e7201ed10d6c1698d2a9a",
                "sha256:74f7d8d439b18fa4c385f3f5dfd11144bb87c1da034a466c5b5577d23a1d9b51",
                "sha256:7610b8c31688f0b1be0ef882889817939490a36d0ee880ea562a4e1399c447a1",
                "sha256:76fa7b1362d19f8fbd3e75fe2fb7c79359b0af8747e6f7141c338f0bee2f871a",
                "sha256:7728e05c35412ba36d3e9795ae8995e3c86958179c9770e65558ec3fdfd3724f",
                "sha256:8157dadbb09a34a6bd95a50690595e1fa0af1a99445e2744110e3dca7831c4ee",
                "sha256:820628b7b3135403540202e60551e741f9b6d3304371712521be939470b454ec",
                "sha256:884ab9b29feaca361f7f88d811b1eea9bfca36cf3da27768d28ad45c3ee6f969",
                "sha256:89b8b22a5ff72d89d48d0e62abb14340d9e99fd637d046c27b8b257a01ffbe28",
                "sha256:92e821e43ad382332eade6812e298dc9701c75fe289f2a2d39c7960b43d1e92a",
                "sha256:b007cbb845b28db4fb8b6a5cdcbf65bacb16a8bd328b53cbc0698688a68e1caa",
                "sha256:bc4313cbeb0e7a416a488d72f9680fffffc645f8a838bd2193809881c67dd106",
                "sha256:bccbfc27563652de7dc9bdc595cb25e90b59c5f8e23e806ed0fd623755b6565d",
                "sha256:c1a40c06fd5ba37ad39caa0b3144eb3772e813b5fb5b084198a985431c2f1e8d",
                "sha256:c47ff7e0a36d4efac9fd692cfa33fbd0636674c102e9e8d9b26e1b93a94e7617",
                "sha256:c4f05c5a7c49d2fb70223d0d5bcfbe474cf928310ac9fa6a7c6dddc831d0b1d4",
                "sha256:cdaf11d2bd275bf391b5308f86731e5194a21af45fbaaaf1d9e8147b9160ea92",
                "sha256:ce256aaa50f6cc9a649c51be3cd4ff142d67295bfc4f490c9134d0f9f6d58ef0",
                "sha256:d2e35d7bf1c1ac8c538f88d26b396e73dd81440d59c1ef8522e1ea77b345ede4",
                "sha256:d916d31fd85b2f78c76400d625076d9124de3e4bda8b016d25a050cc7d603f24",
                "sha256:df7c53783a46febb0e70f6b05df2ba104610f2fb0d27023409734a3ecbb78fb2",
                "sha256:e1cbd3f19a61e27e011e02f9600837b921ac661f0c40560eefb366e4e4fb275e",
                "sha256:efac139c3f0bf4f0939f9375af4b02c5ad83a622de52d6dfa8e438e8e01d0eb0",
                "sha256:efd7a09678fd8b53117f6bae4fa3825e0a22b03ef0a932e070c0bdbb3a35e654",
                "sha256:f2380a6376dfa090227b663f9678150ef27543483055cc327555fb592c5967e2",
                "sha256:f8380c03e45cf09f8557bdaa41e1fa7c81f3ae22828e1db470ab2a6c96d8bc23",
                "sha256:f90ba11136bfdd25cae3951af8da2e95121c9b9b93727b1b896e3fa105b2f586"
            ],
            "markers": "python_version >= '2.7' and python_version not in '3.0, 3.1, 3.2, 3.3, 3.4'",
            "version": "==4.6.3"
        },
        "markupsafe": {
            "hashes": [
                "sha256:01a9b8ea66f1658938f65b93a85ebe8bc016e6769611be228d797c9d998dd298",
                "sha256:023cb26ec21ece8dc3907c0e8320058b2e0cb3c55cf9564da612bc325bed5e64",
                "sha256:0446679737af14f45767963a1a9ef7620189912317d095f2d9ffa183a4d25d2b",
                "sha256:0717a7390a68be14b8c793ba258e075c6f4ca819f15edfc2a3a027c823718567",
                "sha256:0955295dd5eec6cb6cc2fe1698f4c6d84af2e92de33fbcac4111913cd100a6ff",
                "sha256:0d4b31cc67ab36e3392bbf3862cfbadac3db12bdd8b02a2731f509ed5b829724",
                "sha256:10f82115e21dc0dfec9ab5c0223652f7197feb168c940f3ef61563fc2d6beb74",
                "sha256:168cd0a3642de83558a5153c8bd34f175a9a6e7f6dc6384b9655d2697312a646",
                "sha256:1d609f577dc6e1aa17d746f8bd3c31aa4d258f4070d61b2aa5c4166c1539de35",
                "sha256:1f2ade76b9903f39aa442b4aadd2177decb66525062db244b35d71d0ee8599b6",
                "sha256:2a7d351cbd8cfeb19ca00de495e224dea7e7d919659c2841bbb7f420ad03e2d6",
                "sha256:2d7d807855b419fc2ed3e631034685db6079889a1f01d5d9dac950f764da3dad",
                "sha256:2ef54abee730b502252bcdf31b10dacb0a416229b72c18b19e24a4509f273d26",
                "sha256:36bc903cbb393720fad60fc28c10de6acf10dc6cc883f3e24ee4012371399a38",
                "sha256:37205cac2a79194e3750b0af2a5720d95f786a55ce7df90c3af697bfa100eaac",
                "sha256:3c112550557578c26af18a1ccc9e090bfe03832ae994343cfdacd287db6a6ae7",
                "sha256:3dd007d54ee88b46be476e293f48c85048603f5f516008bee124ddd891398ed6",
                "sha256:47ab1e7b91c098ab893b828deafa1203de86d0bc6ab587b160f78fe6c4011f75",
                "sha256:49e3ceeabbfb9d66c3aef5af3a60cc43b85c33df25ce03d0031a608b0a8b2e3f",
                "sha256:4efca8f86c54b22348a5467704e3fec767b2db12fc39c6d963168ab1d3fc9135",
                "sha256:53edb4da6925ad13c07b6d26c2a852bd81e364f95301c66e930ab2aef5b5ddd8",
                "sha256:5855f8438a7d1d458206a2466bf82b0f104a3724bf96a1c781ab731e4201731a",
                "sha256:594c67807fb16238b30c44bdf74f36c02cdf22d1c8cda91ef8a0ed8dabf5620a",
                "sha256:5bb28c636d87e840583ee3adeb78172efc47c8b26127267f54a9c0ec251d41a9",
                "sha256:60bf42e36abfaf9aff1f50f52644b336d4f0a3fd6d8a60ca0d054ac9f713a864",
                "sha256:611d1ad9a4288cf3e3c16014564df047fe08410e628f89805e475368bd304914",
                "sha256:6557b31b5e2c9ddf0de32a691f2312a32f77cd7681d8af66c2692efdbef84c18",
                "sha256:693ce3f9e70a6cf7d2fb9e6c9d8b204b6b39897a2c4a1aa65728d5ac97dcc1d8",
                "sha256:6a7fae0dd14cf60ad5ff42baa2e95727c3d81ded453457771d02b7d2b3f9c0c2",
                "sha256:6c4ca60fa24e85fe25b912b01e62cb969d69a23a5d5867682dd3e80b5b02581d",
                "sha256:6fcf051089389abe060c9cd7caa212c707e58153afa2c649f00346ce6d260f1b",
                "sha256:7d91275b0245b1da4d4cfa07e0faedd5b0812efc15b702576d103293e252af1b",
                "sha256:905fec760bd2fa1388bb5b489ee8ee5f7291d692638ea5f67982d968366bef9f",
                "sha256:97383d78eb34da7e1fa37dd273c20ad4320929af65d156e35a5e2d89566d9dfb",
                "sha256:984d76483eb32f1bcb536dc27e4ad56bba4baa70be32fa87152832cdd9db0833",
                "sha256:99df47edb6bda1249d3e80fdabb1dab8c08ef3975f69aed437cb69d0a5de1e28",
                "sha256:a30e67a65b53ea0a5e62fe23682cfe22712e01f453b95233b25502f7c61cb415",
                "sha256:ab3ef638ace319fa26553db0624c4699e31a28bb2a835c5faca8f8acf6a5a902",
                "sha256:add36cb2dbb8b736611303cd3bfcee00afd96471b09cda130da3581cbdc56a6d",
                "sha256:b2f4bf27480f5e5e8ce285a8c8fd176c0b03e93dcc6646477d4630e83440c6a9",
                "sha256:b7f2d075102dc8c794cbde1947378051c4e5180d52d276987b8d28a3bd58c17d",
                "sha256:baa1a4e8f868845af802979fcdbf0bb11f94f1cb7ced4c4b8a351bb60d108145",
                "sha256:be98f628055368795d818ebf93da628541e10b75b41c559fdf36d104c5787066",
                "sha256:bf5d821ffabf0ef3533c39c518f3357b171a1651c1ff6827325e4489b0e46c3c",
                "sha256:c47adbc92fc1bb2b3274c4b3a43ae0e4573d9fbff4f54cd484555edbf030baf1",
                "sha256:d7f9850398e85aba693bb640262d3611788b1f29a79f0c93c565694658f4071f",
                "sha256:d8446c54dc28c01e5a2dbac5a25f071f6653e6e40f3a8818e8b45d790fe6ef53",
                "sha256:e0f138900af21926a02425cf736db95be9f4af72ba1bb21453432a07f6082134",
                "sha256:e9936f0b261d4df76ad22f8fee3ae83b60d7c3e871292cd42f40b81b70afae85",
                "sha256:f5653a225f31e113b152e56f154ccbe59eeb1c7487b39b9d9f9cdb58e6c79dc5",
                "sha256:f826e31d18b516f653fe296d967d700fddad5901ae07c622bb3705955e1faa94",
                "sha256:f8ba0e8349a38d3001fae7eadded3f6606f0da5d748ee53cc1dab1d6527b9509",
                "sha256:f9081981fe268bd86831e5c75f7de206ef275defcb82bc70740ae6dc507aee51",
                "sha256:fa130dd50c57d53368c9d59395cb5526eda596d3ffe36666cd81a44d56e48872"
            ],
            "markers": "python_version >= '3.6'",
            "version": "==2.0.1"
        },
        "numpy": {
            "hashes": [
                "sha256:012426a41bc9ab63bb158635aecccc7610e3eff5d31d1eb43bc099debc979d94",
                "sha256:06fab248a088e439402141ea04f0fffb203723148f6ee791e9c75b3e9e82f080",
                "sha256:0eef32ca3132a48e43f6a0f5a82cb508f22ce5a3d6f67a8329c81c8e226d3f6e",
                "sha256:1ded4fce9cfaaf24e7a0ab51b7a87be9038ea1ace7f34b841fe3b6894c721d1c",
                "sha256:2e55195bc1c6b705bfd8ad6f288b38b11b1af32f3c8289d6c50d47f950c12e76",
                "sha256:2ea52bd92ab9f768cc64a4c3ef8f4b2580a17af0a5436f6126b08efbd1838371",
                "sha256:36674959eed6957e61f11c912f71e78857a8d0604171dfd9ce9ad5cbf41c511c",
                "sha256:384ec0463d1c2671170901994aeb6dce126de0a95ccc3976c43b0038a37329c2",
                "sha256:39b70c19ec771805081578cc936bbe95336798b7edf4732ed102e7a43ec5c07a",
                "sha256:400580cbd3cff6ffa6293df2278c75aef2d58d8d93d3c5614cd67981dae68ceb",
                "sha256:43d4c81d5ffdff6bae58d66a3cd7f54a7acd9a0e7b18d97abb255defc09e3140",
                "sha256:50a4a0ad0111cc1b71fa32dedd05fa239f7fb5a43a40663269bb5dc7877cfd28",
                "sha256:603aa0706be710eea8884af807b1b3bc9fb2e49b9f4da439e76000f3b3c6ff0f",
                "sha256:6149a185cece5ee78d1d196938b2a8f9d09f5a5ebfbba66969302a778d5ddd1d",
                "sha256:759e4095edc3c1b3ac031f34d9459fa781777a93ccc633a472a5468587a190ff",
                "sha256:7fb43004bce0ca31d8f13a6eb5e943fa73371381e53f7074ed21a4cb786c32f8",
                "sha256:811daee36a58dc79cf3d8bdd4a490e4277d0e4b7d103a001a4e73ddb48e7e6aa",
                "sha256:8b5e972b43c8fc27d56550b4120fe6257fdc15f9301914380b27f74856299fea",
                "sha256:99abf4f353c3d1a0c7a5f27699482c987cf663b1eac20db59b8c7b061eabd7fc",
                "sha256:a0d53e51a6cb6f0d9082decb7a4cb6dfb33055308c4c44f53103c073f649af73",
                "sha256:a12ff4c8ddfee61f90a1633a4c4afd3f7bcb32b11c52026c92a12e1325922d0d",
                "sha256:a4646724fba402aa7504cd48b4b50e783296b5e10a524c7a6da62e4a8ac9698d",
                "sha256:a76f502430dd98d7546e1ea2250a7360c065a5fdea52b2dffe8ae7180909b6f4",
                "sha256:a9d17f2be3b427fbb2bce61e596cf555d6f8a56c222bd2ca148baeeb5e5c783c",
                "sha256:ab83f24d5c52d60dbc8cd0528759532736b56db58adaa7b5f1f76ad551416a1e",
                "sha256:aeb9ed923be74e659984e321f609b9ba54a48354bfd168d21a2b072ed1e833ea",
                "sha256:c843b3f50d1ab7361ca4f0b3639bf691569493a56808a0b0c54a051d260b7dbd",
                "sha256:cae865b1cae1ec2663d8ea56ef6ff185bad091a5e33ebbadd98de2cfa3fa668f",
                "sha256:cc6bd4fd593cb261332568485e20a0712883cf631f6f5e8e86a52caa8b2b50ff",
                "sha256:cf2402002d3d9f91c8b01e66fbb436a4ed01c6498fffed0e4c7566da1d40ee1e",
                "sha256:d051ec1c64b85ecc69531e1137bb9751c6830772ee5c1c426dbcfe98ef5788d7",
                "sha256:d6631f2e867676b13026e2846180e2c13c1e11289d67da08d71cacb2cd93d4aa",
                "sha256:dbd18bcf4889b720ba13a27ec2f2aac1981bd41203b3a3b27ba7a33f88ae4827",
                "sha256:df609c82f18c5b9f6cb97271f03315ff0dbe481a2a02e56aeb1b1a985ce38e60"
            ],
            "markers": "python_version >= '3.6'",
            "version": "==1.19.5"
        },
        "olefile": {
            "hashes": [
                "sha256:133b031eaf8fd2c9399b78b8bc5b8fcbe4c31e85295749bb17a87cba8f3c3964"
            ],
            "markers": "python_version >= '2.7' and python_version not in '3.0, 3.1, 3.2, 3.3'",
            "version": "==0.46"
        },
        "pillow": {
            "hashes": [
                "sha256:0412516dcc9de9b0a1e0ae25a280015809de8270f134cc2c1e32c4eeb397cf30",
                "sha256:04835e68ef12904bc3e1fd002b33eea0779320d4346082bd5b24bec12ad9c3e9",
                "sha256:06d1adaa284696785375fa80a6a8eb309be722cf4ef8949518beb34487a3df71",
                "sha256:085a90a99404b859a4b6c3daa42afde17cb3ad3115e44a75f0d7b4a32f06a6c9",
                "sha256:0b9911ec70731711c3b6ebcde26caea620cbdd9dcb73c67b0730c8817f24711b",
                "sha256:10e00f7336780ca7d3653cf3ac26f068fa11b5a96894ea29a64d3dc4b810d630",
                "sha256:11c27e74bab423eb3c9232d97553111cc0be81b74b47165f07ebfdd29d825875",
                "sha256:11eb7f98165d56042545c9e6db3ce394ed8b45089a67124298f0473b29cb60b2",
                "sha256:13654b521fb98abdecec105ea3fb5ba863d1548c9b58831dd5105bb3873569f1",
                "sha256:15ccb81a6ffc57ea0137f9f3ac2737ffa1d11f786244d719639df17476d399a7",
                "sha256:18a07a683805d32826c09acfce44a90bf474e6a66ce482b1c7fcd3757d588df3",
                "sha256:19ec4cfe4b961edc249b0e04b5618666c23a83bc35842dea2bfd5dfa0157f81b",
                "sha256:1c3ff00110835bdda2b1e2b07f4a2548a39744bb7de5946dc8e95517c4fb2ca6",
                "sha256:27a330bf7014ee034046db43ccbb05c766aa9e70b8d6c5260bfc38d73103b0ba",
                "sha256:2b11c9d310a3522b0fd3c35667914271f570576a0e387701f370eb39d45f08a4",
                "sha256:2c661542c6f71dfd9dc82d9d29a8386287e82813b0375b3a02983feac69ef864",
                "sha256:2cde7a4d3687f21cffdf5bb171172070bb95e02af448c4c8b2f223d783214056",
                "sha256:2d5e9dc0bf1b5d9048a94c48d0813b6c96fccfa4ccf276d9c36308840f40c228",
                "sha256:2f23b2d3079522fdf3c09de6517f625f7a964f916c956527bed805ac043799b8",
                "sha256:35d27687f027ad25a8d0ef45dd5208ef044c588003cdcedf05afb00dbc5c2deb",
                "sha256:35d409030bf3bd05fa66fb5fdedc39c521b397f61ad04309c90444e893d05f7d",
                "sha256:4326ea1e2722f3dc00ed77c36d3b5354b8fb7399fb59230249ea6d59cbed90da",
                "sha256:4abc247b31a98f29e5224f2d31ef15f86a71f79c7f4d2ac345a5d551d6393073",
                "sha256:4d89a2e9219a526401015153c0e9dd48319ea6ab9fe3b066a20aa9aee23d9fd3",
                "sha256:4e59e99fd680e2b8b11bbd463f3c9450ab799305d5f2bafb74fefba6ac058616",
                "sha256:548794f99ff52a73a156771a0402f5e1c35285bd981046a502d7e4793e8facaa",
                "sha256:56fd98c8294f57636084f4b076b75f86c57b2a63a8410c0cd172bc93695ee979",
                "sha256:59697568a0455764a094585b2551fd76bfd6b959c9f92d4bdec9d0e14616303a",
                "sha256:6bff50ba9891be0a004ef48828e012babaaf7da204d81ab9be37480b9020a82b",
                "sha256:6cb3dd7f23b044b0737317f892d399f9e2f0b3a02b22b2c692851fb8120d82c6",
                "sha256:7dbfbc0020aa1d9bc1b0b8bcf255a7d73f4ad0336f8fd2533fcc54a4ccfb9441",
                "sha256:838eb85de6d9307c19c655c726f8d13b8b646f144ca6b3771fa62b711ebf7624",
                "sha256:8b68f565a4175e12e68ca900af8910e8fe48aaa48fd3ca853494f384e11c8bcd",
                "sha256:8f284dc1695caf71a74f24993b7c7473d77bc760be45f776a2c2f4e04c170550",
                "sha256:963ebdc5365d748185fdb06daf2ac758116deecb2277ec5ae98139f93844bc09",
                "sha256:a048dad5ed6ad1fad338c02c609b862dfaa921fcd065d747194a6805f91f2196",
                "sha256:a1bd983c565f92779be456ece2479840ec39d386007cd4ae83382646293d681b",
                "sha256:a66566f8a22561fc1a88dc87606c69b84fa9ce724f99522cf922c801ec68f5c1",
                "sha256:bcb04ff12e79b28be6c9988f275e7ab69f01cc2ba319fb3114f87817bb7c74b6",
                "sha256:bd24054aaf21e70a51e2a2a5ed1183560d3a69e6f9594a4bfe360a46f94eba83",
                "sha256:be25cb93442c6d2f8702c599b51184bd3ccd83adebd08886b682173e09ef0c3f",
                "sha256:c691b26283c3a31594683217d746f1dad59a7ae1d4cfc24626d7a064a11197d4",
                "sha256:cc9d0dec711c914ed500f1d0d3822868760954dce98dfb0b7382a854aee55d19",
                "sha256:ce2e5e04bb86da6187f96d7bab3f93a7877830981b37f0287dd6479e27a10341",
                "sha256:ce651ca46d0202c302a535d3047c55a0131a720cf554a578fc1b8a2aff0e7d96",
                "sha256:d0c8ebbfd439c37624db98f3877d9ed12c137cadd99dde2d2eae0dab0bbfc355",
                "sha256:d675a876b295afa114ca8bf42d7f86b5fb1298e1b6bb9a24405a3f6c8338811c",
                "sha256:dde3f3ed8d00c72631bc19cbfff8ad3b6215062a5eed402381ad365f82f0c18c",
                "sha256:e5a31c07cea5edbaeb4bdba6f2b87db7d3dc0f446f379d907e51cc70ea375629",
                "sha256:f514c2717012859ccb349c97862568fdc0479aad85b0270d6b5a6509dbc142e2",
                "sha256:fc0db32f7223b094964e71729c0361f93db43664dd1ec86d3df217853cedda87",
                "sha256:fd4fd83aa912d7b89b4b4a1580d30e2a4242f3936882a3f433586e5ab97ed0d5",
                "sha256:feb5db446e96bfecfec078b943cc07744cc759893cef045aa8b8b6d6aaa8274e"
            ],
            "index": "pypi",
            "version": "==8.3.2"
        },
        "pillow-simd": {
            "hashes": [
                "sha256:29bb005a5d49664649b717d2b0cb410fc6e4a01d99506f602da8fcef52a05bc6"
            ],
            "index": "pypi",
            "version": "==4.3.0.post0"
        },
        "protobuf": {
            "hashes": [
                "sha256:13ee7be3c2d9a5d2b42a1030976f760f28755fcf5863c55b1460fd205e6cd637",
                "sha256:145ce0af55c4259ca74993ddab3479c78af064002ec8227beb3d944405123c71",
                "sha256:14c1c9377a7ffbeaccd4722ab0aa900091f52b516ad89c4b0c3bb0a4af903ba5",
                "sha256:1556a1049ccec58c7855a78d27e5c6e70e95103b32de9142bae0576e9200a1b0",
                "sha256:26010f693b675ff5a1d0e1bdb17689b8b716a18709113288fead438703d45539",
                "sha256:2ae692bb6d1992afb6b74348e7bb648a75bb0d3565a3f5eea5bec8f62bd06d87",
                "sha256:2bfb815216a9cd9faec52b16fd2bfa68437a44b67c56bee59bc3926522ecb04e",
                "sha256:4ffbd23640bb7403574f7aff8368e2aeb2ec9a5c6306580be48ac59a6bac8bde",
                "sha256:59e5cf6b737c3a376932fbfb869043415f7c16a0cf176ab30a5bbc419cd709c1",
                "sha256:6902a1e4b7a319ec611a7345ff81b6b004b36b0d2196ce7a748b3493da3d226d",
                "sha256:6ce4d8bf0321e7b2d4395e253f8002a1a5ffbcfd7bcc0a6ba46712c07d47d0b4",
                "sha256:6d847c59963c03fd7a0cd7c488cadfa10cda4fff34d8bc8cba92935a91b7a037",
                "sha256:72804ea5eaa9c22a090d2803813e280fb273b62d5ae497aaf3553d141c4fdd7b",
                "sha256:7a4c97961e9e5b03a56f9a6c82742ed55375c4a25f2692b625d4087d02ed31b9",
                "sha256:85d6303e4adade2827e43c2b54114d9a6ea547b671cb63fafd5011dc47d0e13d",
                "sha256:8727ee027157516e2c311f218ebf2260a18088ffb2d29473e82add217d196b1c",
                "sha256:99938f2a2d7ca6563c0ade0c5ca8982264c484fdecf418bd68e880a7ab5730b1",
                "sha256:9b7a5c1022e0fa0dbde7fd03682d07d14624ad870ae52054849d8960f04bc764",
                "sha256:a22b3a0dbac6544dacbafd4c5f6a29e389a50e3b193e2c70dae6bbf7930f651d",
                "sha256:a38bac25f51c93e4be4092c88b2568b9f407c27217d3dd23c7a57fa522a17554",
                "sha256:a981222367fb4210a10a929ad5983ae93bd5a050a0824fc35d6371c07b78caf6",
                "sha256:ab6bb0e270c6c58e7ff4345b3a803cc59dbee19ddf77a4719c5b635f1d547aa8",
                "sha256:c56c050a947186ba51de4f94ab441d7f04fcd44c56df6e922369cc2e1a92d683",
                "sha256:e76d9686e088fece2450dbc7ee905f9be904e427341d289acbe9ad00b78ebd47",
                "sha256:ebcb546f10069b56dc2e3da35e003a02076aaa377caf8530fe9789570984a8d2",
                "sha256:f0e59430ee953184a703a324b8ec52f571c6c4259d496a19d1cabcdc19dabc62",
                "sha256:ffea251f5cd3c0b9b43c7a7a912777e0bc86263436a87c2555242a348817221b"
            ],
            "version": "==3.17.3"
        },
        "python-bidi": {
            "hashes": [
                "sha256:50eef6f6a0bbdd685f9e8c207f3c9050f5b578d0a46e37c76a9c4baea2cc2e13",
                "sha256:5347f71e82b3e9976dc657f09ded2bfe39ba8d6777ca81a5b2c56c30121c496e"
            ],
            "version": "==0.4.2"
        },
        "regex": {
            "hashes": [
                "sha256:04f6b9749e335bb0d2f68c707f23bb1773c3fb6ecd10edf0f04df12a8920d468",
                "sha256:08d74bfaa4c7731b8dac0a992c63673a2782758f7cfad34cf9c1b9184f911354",
                "sha256:0fc1f8f06977c2d4f5e3d3f0d4a08089be783973fc6b6e278bde01f0544ff308",
                "sha256:121f4b3185feaade3f85f70294aef3f777199e9b5c0c0245c774ae884b110a2d",
                "sha256:1413b5022ed6ac0d504ba425ef02549a57d0f4276de58e3ab7e82437892704fc",
                "sha256:1743345e30917e8c574f273f51679c294effba6ad372db1967852f12c76759d8",
                "sha256:28fc475f560d8f67cc8767b94db4c9440210f6958495aeae70fac8faec631797",
                "sha256:31a99a4796bf5aefc8351e98507b09e1b09115574f7c9dbb9cf2111f7220d2e2",
                "sha256:328a1fad67445550b982caa2a2a850da5989fd6595e858f02d04636e7f8b0b13",
                "sha256:473858730ef6d6ff7f7d5f19452184cd0caa062a20047f6d6f3e135a4648865d",
                "sha256:4cde065ab33bcaab774d84096fae266d9301d1a2f5519d7bd58fc55274afbf7a",
                "sha256:5f6a808044faae658f546dd5f525e921de9fa409de7a5570865467f03a626fc0",
                "sha256:610b690b406653c84b7cb6091facb3033500ee81089867ee7d59e675f9ca2b73",
                "sha256:66256b6391c057305e5ae9209941ef63c33a476b73772ca967d4a2df70520ec1",
                "sha256:6eebf512aa90751d5ef6a7c2ac9d60113f32e86e5687326a50d7686e309f66ed",
                "sha256:79aef6b5cd41feff359acaf98e040844613ff5298d0d19c455b3d9ae0bc8c35a",
                "sha256:808ee5834e06f57978da3e003ad9d6292de69d2bf6263662a1a8ae30788e080b",
                "sha256:8e44769068d33e0ea6ccdf4b84d80c5afffe5207aa4d1881a629cf0ef3ec398f",
                "sha256:999ad08220467b6ad4bd3dd34e65329dd5d0df9b31e47106105e407954965256",
                "sha256:9b006628fe43aa69259ec04ca258d88ed19b64791693df59c422b607b6ece8bb",
                "sha256:9d05ad5367c90814099000442b2125535e9d77581855b9bee8780f1b41f2b1a2",
                "sha256:a577a21de2ef8059b58f79ff76a4da81c45a75fe0bfb09bc8b7bb4293fa18983",
                "sha256:a617593aeacc7a691cc4af4a4410031654f2909053bd8c8e7db837f179a630eb",
                "sha256:abb48494d88e8a82601af905143e0de838c776c1241d92021e9256d5515b3645",
                "sha256:ac88856a8cbccfc14f1b2d0b829af354cc1743cb375e7f04251ae73b2af6adf8",
                "sha256:b4c220a1fe0d2c622493b0a1fd48f8f991998fb447d3cd368033a4b86cf1127a",
                "sha256:b844fb09bd9936ed158ff9df0ab601e2045b316b17aa8b931857365ea8586906",
                "sha256:bdc178caebd0f338d57ae445ef8e9b737ddf8fbc3ea187603f65aec5b041248f",
                "sha256:c206587c83e795d417ed3adc8453a791f6d36b67c81416676cad053b4104152c",
                "sha256:c61dcc1cf9fd165127a2853e2c31eb4fb961a4f26b394ac9fe5669c7a6592892",
                "sha256:c7cb4c512d2d3b0870e00fbbac2f291d4b4bf2634d59a31176a87afe2777c6f0",
                "sha256:d4a332404baa6665b54e5d283b4262f41f2103c255897084ec8f5487ce7b9e8e",
                "sha256:d5111d4c843d80202e62b4fdbb4920db1dcee4f9366d6b03294f45ed7b18b42e",
                "sha256:e1e8406b895aba6caa63d9fd1b6b1700d7e4825f78ccb1e5260551d168db38ed",
                "sha256:e8690ed94481f219a7a967c118abaf71ccc440f69acd583cab721b90eeedb77c",
                "sha256:ed283ab3a01d8b53de3a05bfdf4473ae24e43caee7dcb5584e86f3f3e5ab4374",
                "sha256:ed4b50355b066796dacdd1cf538f2ce57275d001838f9b132fab80b75e8c84dd",
                "sha256:ee329d0387b5b41a5dddbb6243a21cb7896587a651bebb957e2d2bb8b63c0791",
                "sha256:f3bf1bc02bc421047bfec3343729c4bbbea42605bcfd6d6bfe2c07ade8b12d2a",
                "sha256:f585cbbeecb35f35609edccb95efd95a3e35824cd7752b586503f7e6087303f1",
                "sha256:f60667673ff9c249709160529ab39667d1ae9fd38634e006bec95611f632e759"
            ],
            "version": "==2021.8.28"
        },
        "requests": {
            "hashes": [
                "sha256:6c1246513ecd5ecd4528a0906f910e8f0f9c6b8ec72030dc9fd154dc1a6efd24",
                "sha256:b8aa58f8cf793ffd8782d3d8cb19e66ef36f7aba4353eec859e74678b01b07a7"
            ],
            "markers": "python_version >= '2.7' and python_version not in '3.0, 3.1, 3.2, 3.3, 3.4, 3.5'",
            "version": "==2.26.0"
        },
        "scipy": {
            "hashes": [
                "sha256:168c45c0c32e23f613db7c9e4e780bc61982d71dcd406ead746c7c7c2f2004ce",
                "sha256:213bc59191da2f479984ad4ec39406bf949a99aba70e9237b916ce7547b6ef42",
                "sha256:25b241034215247481f53355e05f9e25462682b13bd9191359075682adcd9554",
                "sha256:2c872de0c69ed20fb1a9b9cf6f77298b04a26f0b8720a5457be08be254366c6e",
                "sha256:3397c129b479846d7eaa18f999369a24322d008fac0782e7828fa567358c36ce",
                "sha256:368c0f69f93186309e1b4beb8e26d51dd6f5010b79264c0f1e9ca00cd92ea8c9",
                "sha256:3d5db5d815370c28d938cf9b0809dade4acf7aba57eaf7ef733bfedc9b2474c4",
                "sha256:4598cf03136067000855d6b44d7a1f4f46994164bcd450fb2c3d481afc25dd06",
                "sha256:4a453d5e5689de62e5d38edf40af3f17560bfd63c9c5bd228c18c1f99afa155b",
                "sha256:4f12d13ffbc16e988fa40809cbbd7a8b45bc05ff6ea0ba8e3e41f6f4db3a9e47",
                "sha256:634568a3018bc16a83cda28d4f7aed0d803dd5618facb36e977e53b2df868443",
                "sha256:65923bc3809524e46fb7eb4d6346552cbb6a1ffc41be748535aa502a2e3d3389",
                "sha256:6b0ceb23560f46dd236a8ad4378fc40bad1783e997604ba845e131d6c680963e",
                "sha256:8c8d6ca19c8497344b810b0b0344f8375af5f6bb9c98bd42e33f747417ab3f57",
                "sha256:9ad4fcddcbf5dc67619379782e6aeef41218a79e17979aaed01ed099876c0e62",
                "sha256:a254b98dbcc744c723a838c03b74a8a34c0558c9ac5c86d5561703362231107d",
                "sha256:b03c4338d6d3d299e8ca494194c0ae4f611548da59e3c038813f1a43976cb437",
                "sha256:cc1f78ebc982cd0602c9a7615d878396bec94908db67d4ecddca864d049112f2",
                "sha256:d6d25c41a009e3c6b7e757338948d0076ee1dd1770d1c09ec131f11946883c54",
                "sha256:d84cadd7d7998433334c99fa55bcba0d8b4aeff0edb123b2a1dfcface538e474",
                "sha256:e360cb2299028d0b0d0f65a5c5e51fc16a335f1603aa2357c25766c8dab56938",
                "sha256:e98d49a5717369d8241d6cf33ecb0ca72deee392414118198a8e5b4c35c56340",
                "sha256:ed572470af2438b526ea574ff8f05e7f39b44ac37f712105e57fc4d53a6fb660",
                "sha256:f87b39f4d69cf7d7529d7b1098cb712033b17ea7714aed831b95628f483fd012",
                "sha256:fa789583fc94a7689b45834453fec095245c7e69c58561dc159b5d5277057e4c"
            ],
            "markers": "python_version >= '3.6'",
            "version": "==1.5.4"
        },
        "six": {
            "hashes": [
                "sha256:1e61c37477a1626458e36f7b1d82aa5c9b094fa4802892072e49de9c60c4c926",
                "sha256:8abb2f1d86890a2dfb989f9a77cfcfd3e47c2a354b01111771326f8aa26e0254"
            ],
            "markers": "python_version >= '2.7' and python_version not in '3.0, 3.1, 3.2, 3.3'",
            "version": "==1.16.0"
        },
        "typing-extensions": {
            "hashes": [
                "sha256:49f75d16ff11f1cd258e1b988ccff82a3ca5570217d7ad8c5f48205dd99a677e",
                "sha256:d8226d10bc02a29bcc81df19a26e56a9647f8b0a6d4a83924139f4a8b01f17b7",
                "sha256:f1d25edafde516b146ecd0613dabcc61409817af4766fbbcfb8d1ad4ec441a34"
            ],
            "markers": "python_version < '3.8'",
            "version": "==3.10.0.2"
        },
        "urllib3": {
            "hashes": [
                "sha256:39fb8672126159acb139a7718dd10806104dec1e2f0f6c88aab05d17df10c8d4",
                "sha256:f57b4c16c62fa2760b7e3d97c35b255512fb6b59a259730f36ba32ce9f8e342f"
            ],
            "markers": "python_version >= '2.7' and python_version not in '3.0, 3.1, 3.2, 3.3, 3.4' and python_version < '4'",
            "version": "==1.26.6"
        },
        "zipp": {
            "hashes": [
                "sha256:957cfda87797e389580cb8b9e3870841ca991e2125350677b2ca83a0e99390a3",
                "sha256:f5812b1e007e48cff63449a5e9f4e7ebea716b4111f9c4f9a645f91d579bf0c4"
            ],
            "markers": "python_version >= '3.6'",
            "version": "==3.5.0"
        }
    },
    "develop": {
        "grpcio": {
            "hashes": [
                "sha256:022dc2a6d1537a5a16af4ccc3355ad7b512f9c627a1d5d579cd7c18830378bb3",
                "sha256:025a591606b0aca13bec3e019d6acec01a39421f01b915b98a3a93ea0a53b412",
                "sha256:03265472d39bf26f124c3ef68446f7873c8260893e6ae65b323a5b51ed52e580",
                "sha256:10efe2e016c3ca7a370771ffcf1de9baa3456d4bccefde0f4ce3be091d871c8f",
                "sha256:14bca481188c3f19135012aaff9abefa4e15529c7e1aca3084183d78094d06bd",
                "sha256:17240d672b5c1c9ff22e52236c1870413b7fb5af762b97ce5a747a55e0a57e98",
                "sha256:1bc36e512741f82c1d73f42df536aa2ab75d840f0d35c149b5d0bee1aed16862",
                "sha256:224c513fbe0c3ca546870e5c21b08a8a56cd25795b76b3192ee9702a3344764b",
                "sha256:2894466c499d9752e0d49ee8adc5ee12c676d86211fc1b292bf713cc7cfe9853",
                "sha256:435b3bab2e34814666854eec203c77b169df1cd56cf22fe449cf5510af416e7d",
                "sha256:4765600467d7cdb8f62a591d4427ddbeefcf4dbbe46e2f1b10af555e815ecbcb",
                "sha256:4fa658a7e1ba5727ca066b1c8bb64c6befb98f2b8007f04a16c7c84555bf11b9",
                "sha256:87e52924a99ac5935a468b3fe49c4b0090bd9b05470b55ed1192308791e6d332",
                "sha256:88afda198adb0a9da52a66152062027a57877b46f59ffcf55acc3cbfaff77160",
                "sha256:982439a872d41f969724efc139e0416ba45e0d7446e9a41fd2ebe19351adff9a",
                "sha256:a1bc37c9910d0fbf4d9e80d5822f92c6e01e28dd1eb01323636ed19666b537cb",
                "sha256:aa473b8276de39eeccc4ad6cbb7fd7feab0868180d72c0c93226033c79fa69b7",
                "sha256:ae82bf2f7ceac6ba956e816120b4f66bda035571350e46b61bbdde1808aed1dd",
                "sha256:b56e4f355c2499bb0bf8f8f4d0362b618b06afdfd2c10722710596dc7e295c6c",
                "sha256:d2accc8e354f0ed5b337865260a78b3c6851d2fe3c0e1b025d437122cc15dd31",
                "sha256:d410835e7554d064c2d99cfa0dd393ffbb0ccf52145ab51c725a8472ed254a3c",
                "sha256:d9e3105f6de6cb759b028702bdd21cb36d27e010227669e43c675b9957a3c180",
                "sha256:da306c80d69801a3e4115c448ed4ad481957d723ec1e00b99497c6661573c3e5",
                "sha256:e579e4124d2a0931ce39639c60e0711918d6659b933eb97e67f60f84666ea488",
                "sha256:e86639989c03831912fd9924beda26f6e9ffcc267656cea035bde9d88cf793b2",
                "sha256:ea9564f58144e2f07995d57fb8e636be5efb084cd59c8651391ada2bb75dc0ff",
                "sha256:f4a38071dd27f140cfe774f56aecdf0e33de926c21289cc9c7521ce8dd91fc1c"
            ],
            "index": "pypi",
            "version": "==1.10.0"
        },
        "grpcio-tools": {
            "hashes": [
                "sha256:1b160cd284c79e19c9e08bc81e781191a814617e6c277ef5b35da52f6eb39074",
                "sha256:2b19c9f8b3a3fbeb6413e40c2905aaff4de924a0d0527741d528d2ada7414870",
                "sha256:48839a6af26e933f64e0c29cc98df4b526ce6591274d7788381d5e4df91bdc8c",
                "sha256:4fee6d4cfba2873e9ff6fbecc4f60c20a2200796468b6100b49873637c9e8d8f",
                "sha256:58b577304288bb77899f15fb9c9d6befaef8569bab8cc202f84a0a73b68a4f2e",
                "sha256:59ccc4e9a4c3c2ced10fec1f4a4b22e4fa020a4017782b09b4b8b8356e4875b4",
                "sha256:6082432d0c6c1440dbc83bc4118226ebf378715ec05bbc0177618c8570dd28ee",
                "sha256:6268c7a4d8fa7ddb65ca1367ea94c100ba28399e7ba9a1320bcf948108b33e9c",
                "sha256:64e3c381d4e06d3ebfedd802d14de34bf9bbe692df01d63659484a0f5efcb311",
                "sha256:699bcb4d2bd979ae0a28b25ea54aaabd0ddfe415c5ba06a5eebea2a215f560ad",
                "sha256:6b322381acdac5bb5066da1d967ed52b38a5f515ef56370f741875dae0ec0141",
                "sha256:6bbe397087177438004c02f79c57332bb72b89ebcfdf7b2f76216864064b7751",
                "sha256:7f882ff38ca4b2e25f5df2855b6ba8f1ed2bad0efa524bc1d857cd9d64c52fec",
                "sha256:899f8851e9b2f23b3281abd0f4d9a17e3052433bee510c737e9a375adbebc273",
                "sha256:8fc32c984480dc278fa3c4fe3e96cf7dc127d7db3145b06b8c336e4aec19c27f",
                "sha256:931b2c6f934998d40be2954113e2316cbbf3222d7f41daf4f47d3d36c2585f22",
                "sha256:a8ee90ac46e46ed4c3b5156862fcdd3ff647b56c95d78e8fa573149b7a2f5428",
                "sha256:ae0e4fdcd405c5b4da25e6740e035a35d7e2ce3daaa3bfd4d8897ea2a11302d1",
                "sha256:af27b92f801fe5f17025c7a9ee64921ebf4b0d7f42d23f59fef2693c17dd7b77",
                "sha256:b1b688dd0b96c6d29c3748d0ef026f05fcf593fb958c0659f8d7dffc758b64c8",
                "sha256:b1ccebb16560998f2d5f98d53c88abf4705f8d5c5dec190c3a709d18f60fe165",
                "sha256:bf43ae09b5b4c555f6bb10291c0ea50be7ceab688a6ed14bba01adc02674c8af",
                "sha256:cee537c8c497714acdec908ac5bb84b75ce401daade3d86511fc2ada19536ab6",
                "sha256:d77bdd8e73d17866097848325954e97a13cb157ced414428b071c2be0c14a6df",
                "sha256:e8c524c4b39063cdc21ca60564cb6a7772fd2fce624eedd9829ebeed03e74eb1",
                "sha256:fceeb1a4b784ceef3db36ee6e42029f8e05e5e2e88377eac94d92290b3b66041",
                "sha256:fea02e0d8373998d181020cbd133b443bf93fc6991c61ca1d1ba75a83c457515"
            ],
            "index": "pypi",
            "version": "==1.10.0"
        },
        "protobuf": {
            "hashes": [
                "sha256:13ee7be3c2d9a5d2b42a1030976f760f28755fcf5863c55b1460fd205e6cd637",
                "sha256:145ce0af55c4259ca74993ddab3479c78af064002ec8227beb3d944405123c71",
                "sha256:14c1c9377a7ffbeaccd4722ab0aa900091f52b516ad89c4b0c3bb0a4af903ba5",
                "sha256:1556a1049ccec58c7855a78d27e5c6e70e95103b32de9142bae0576e9200a1b0",
                "sha256:26010f693b675ff5a1d0e1bdb17689b8b716a18709113288fead438703d45539",
                "sha256:2ae692bb6d1992afb6b74348e7bb648a75bb0d3565a3f5eea5bec8f62bd06d87",
                "sha256:2bfb815216a9cd9faec52b16fd2bfa68437a44b67c56bee59bc3926522ecb04e",
                "sha256:4ffbd23640bb7403574f7aff8368e2aeb2ec9a5c6306580be48ac59a6bac8bde",
                "sha256:59e5cf6b737c3a376932fbfb869043415f7c16a0cf176ab30a5bbc419cd709c1",
                "sha256:6902a1e4b7a319ec611a7345ff81b6b004b36b0d2196ce7a748b3493da3d226d",
                "sha256:6ce4d8bf0321e7b2d4395e253f8002a1a5ffbcfd7bcc0a6ba46712c07d47d0b4",
                "sha256:6d847c59963c03fd7a0cd7c488cadfa10cda4fff34d8bc8cba92935a91b7a037",
                "sha256:72804ea5eaa9c22a090d2803813e280fb273b62d5ae497aaf3553d141c4fdd7b",
                "sha256:7a4c97961e9e5b03a56f9a6c82742ed55375c4a25f2692b625d4087d02ed31b9",
                "sha256:85d6303e4adade2827e43c2b54114d9a6ea547b671cb63fafd5011dc47d0e13d",
                "sha256:8727ee027157516e2c311f218ebf2260a18088ffb2d29473e82add217d196b1c",
                "sha256:99938f2a2d7ca6563c0ade0c5ca8982264c484fdecf418bd68e880a7ab5730b1",
                "sha256:9b7a5c1022e0fa0dbde7fd03682d07d14624ad870ae52054849d8960f04bc764",
                "sha256:a22b3a0dbac6544dacbafd4c5f6a29e389a50e3b193e2c70dae6bbf7930f651d",
                "sha256:a38bac25f51c93e4be4092c88b2568b9f407c27217d3dd23c7a57fa522a17554",
                "sha256:a981222367fb4210a10a929ad5983ae93bd5a050a0824fc35d6371c07b78caf6",
                "sha256:ab6bb0e270c6c58e7ff4345b3a803cc59dbee19ddf77a4719c5b635f1d547aa8",
                "sha256:c56c050a947186ba51de4f94ab441d7f04fcd44c56df6e922369cc2e1a92d683",
                "sha256:e76d9686e088fece2450dbc7ee905f9be904e427341d289acbe9ad00b78ebd47",
                "sha256:ebcb546f10069b56dc2e3da35e003a02076aaa377caf8530fe9789570984a8d2",
                "sha256:f0e59430ee953184a703a324b8ec52f571c6c4259d496a19d1cabcdc19dabc62",
                "sha256:ffea251f5cd3c0b9b43c7a7a912777e0bc86263436a87c2555242a348817221b"
            ],
            "version": "==3.17.3"
        },
        "six": {
            "hashes": [
                "sha256:1e61c37477a1626458e36f7b1d82aa5c9b094fa4802892072e49de9c60c4c926",
                "sha256:8abb2f1d86890a2dfb989f9a77cfcfd3e47c2a354b01111771326f8aa26e0254"
            ],
            "markers": "python_version >= '2.7' and python_version not in '3.0, 3.1, 3.2, 3.3'",
            "version": "==1.16.0"
        }
    }
}
